
Microsoft Visual Studio Solution File, Format Version 12.00
# Visual Studio Version 17
VisualStudioVersion = 17.8.34330.188
MinimumVisualStudioVersion = 10.0.40219.1
Project("{9A19103F-16F7-4668-BE54-9A1E7A4F7556}") = "InspecaoEmpresarial", "Inspeção Empresarial\InspecaoEmpresarial.csproj", "{7845D900-F926-44B7-91E6-A60AC49B4E10}"
EndProject
Project("{9A19103F-16F7-4668-BE54-9A1E7A4F7556}") = "InspecaoEmpresarial.Infra.Data.Migration", "InspecaoEmpresarial.Infra.Data.Migration\InspecaoEmpresarial.Infra.Data.Migration.csproj", "{8EA8107F-72BA-4DC9-BFEE-D768B07DCAA5}"
EndProject
Global
	GlobalSection(SolutionConfigurationPlatforms) = preSolution
		Debug|Any CPU = Debug|Any CPU
		Release|Any CPU = Release|Any CPU
	EndGlobalSection
	GlobalSection(ProjectConfigurationPlatforms) = postSolution
		{7845D900-F926-44B7-91E6-A60AC49B4E10}.Debug|Any CPU.ActiveCfg = Debug|Any CPU
		{7845D900-F926-44B7-91E6-A60AC49B4E10}.Debug|Any CPU.Build.0 = Debug|Any CPU
		{7845D900-F926-44B7-91E6-A60AC49B4E10}.Debug|Any CPU.Deploy.0 = Debug|Any CPU
		{7845D900-F926-44B7-91E6-A60AC49B4E10}.Release|Any CPU.ActiveCfg = Release|Any CPU
		{7845D900-F926-44B7-91E6-A60AC49B4E10}.Release|Any CPU.Build.0 = Release|Any CPU
		{7845D900-F926-44B7-91E6-A60AC49B4E10}.Release|Any CPU.Deploy.0 = Release|Any CPU
		{8EA8107F-72BA-4DC9-BFEE-D768B07DCAA5}.Debug|Any CPU.ActiveCfg = Debug|Any CPU
		{8EA8107F-72BA-4DC9-BFEE-D768B07DCAA5}.Debug|Any CPU.Build.0 = Debug|Any CPU
		{8EA8107F-72BA-4DC9-BFEE-D768B07DCAA5}.Release|Any CPU.ActiveCfg = Release|Any CPU
		{8EA8107F-72BA-4DC9-BFEE-D768B07DCAA5}.Release|Any CPU.Build.0 = Release|Any CPU
	EndGlobalSection
	GlobalSection(SolutionProperties) = preSolution
		HideSolutionNode = FALSE
	EndGlobalSection
	GlobalSection(ExtensibilityGlobals) = postSolution
		SolutionGuid = {956DEEC0-953A-4F24-A0E4-6BC0764B2910}
	EndGlobalSection
EndGlobal
